
Microsoft Visual Studio Solution File, Format Version 12.00
# Visual Studio 2012
Project("{8BC9CEB8-8B4A-11D0-8D11-00A0C91BC942}") = "MySQLDataBrowser", "MySQLDataBrowser\MySQLDataBrowser.vcxproj", "{235B47D3-9D09-4FA9-A580-69F4A16CBF4B}"
EndProject
Project("{8BC9CEB8-8B4A-11D0-8D11-00A0C91BC942}") = "mysql_c_api_foundation", "mysql_c_api_wrapper\mysql_c_api_wrapper.vcxproj", "{6F1E8E26-9722-4CDD-ACD9-6A66F6AAD57A}"
EndProject
Project("{8BC9CEB8-8B4A-11D0-8D11-00A0C91BC942}") = "mysql_c_api_data", "mysql_c_api_data\mysql_c_api_data.vcxproj", "{BA045431-6A46-4088-B8BF-28C91BB238D0}"
EndProject
Global
	GlobalSection(SolutionConfigurationPlatforms) = preSolution
		Debug|Win32 = Debug|Win32
		Release|Win32 = Release|Win32
	EndGlobalSection
	GlobalSection(ProjectConfigurationPlatforms) = postSolution
		{235B47D3-9D09-4FA9-A580-69F4A16CBF4B}.Debug|Win32.ActiveCfg = Debug|Win32
		{235B47D3-9D09-4FA9-A580-69F4A16CBF4B}.Debug|Win32.Build.0 = Debug|Win32
		{235B47D3-9D09-4FA9-A580-69F4A16CBF4B}.Release|Win32.ActiveCfg = Release|Win32
		{235B47D3-9D09-4FA9-A580-69F4A16CBF4B}.Release|Win32.Build.0 = Release|Win32
		{6F1E8E26-9722-4CDD-ACD9-6A66F6AAD57A}.Debug|Win32.ActiveCfg = Debug|Win32
		{6F1E8E26-9722-4CDD-ACD9-6A66F6AAD57A}.Debug|Win32.Build.0 = Debug|Win32
		{6F1E8E26-9722-4CDD-ACD9-6A66F6AAD57A}.Release|Win32.ActiveCfg = Release|Win32
		{6F1E8E26-9722-4CDD-ACD9-6A66F6AAD57A}.Release|Win32.Build.0 = Release|Win32
		{BA045431-6A46-4088-B8BF-28C91BB238D0}.Debug|Win32.ActiveCfg = Debug|Win32
		{BA045431-6A46-4088-B8BF-28C91BB238D0}.Debug|Win32.Build.0 = Debug|Win32
		{BA045431-6A46-4088-B8BF-28C91BB238D0}.Release|Win32.ActiveCfg = Release|Win32
		{BA045431-6A46-4088-B8BF-28C91BB238D0}.Release|Win32.Build.0 = Release|Win32
	EndGlobalSection
	GlobalSection(SolutionProperties) = preSolution
		HideSolutionNode = FALSE
	EndGlobalSection
EndGlobal
